PODS:
  - Flutter (1.0.0)
  - flutter_blue_plus_darwin (0.0.2):
    - Flutter
    - FlutterMacOS
  - package_info_plus (0.4.5):
    - Flutter
  - Protobuf (3.29.5)
  - reactive_ble_mobile (0.0.1):
    - Flutter
    - FlutterMacOS
    - Protobuf (~> 3.5)
    - SwiftProtobuf (~> 1.0)
  - SwiftProtobuf (1.30.0)
  - url_launcher_ios (0.0.1):
    - Flutter
  - video_player_avfoundation (0.0.1):
    - Flutter
    - FlutterMacOS
  - wakelock_plus (0.0.1):
    - Flutter

DEPENDENCIES:
  - Flutter (from `Flutter`)
  - flutter_blue_plus_darwin (from `.symlinks/plugins/flutter_blue_plus_darwin/darwin`)
  - package_info_plus (from `.symlinks/plugins/package_info_plus/ios`)
  - reactive_ble_mobile (from `.symlinks/plugins/reactive_ble_mobile/darwin`)
  - url_launcher_ios (from `.symlinks/plugins/url_launcher_ios/ios`)
  - video_player_avfoundation (from `.symlinks/plugins/video_player_avfoundation/darwin`)
  - wakelock_plus (from `.symlinks/plugins/wakelock_plus/ios`)

SPEC REPOS:
  trunk:
    - Protobuf
    - SwiftProtobuf

EXTERNAL SOURCES:
  Flutter:
    :path: Flutter
  flutter_blue_plus_darwin:
    :path: ".symlinks/plugins/flutter_blue_plus_darwin/darwin"
  package_info_plus:
    :path: ".symlinks/plugins/package_info_plus/ios"
  reactive_ble_mobile:
    :path: ".symlinks/plugins/reactive_ble_mobile/darwin"
  url_launcher_ios:
    :path: ".symlinks/plugins/url_launcher_ios/ios"
  video_player_avfoundation:
    :path: ".symlinks/plugins/video_player_avfoundation/darwin"
  wakelock_plus:
    :path: ".symlinks/plugins/wakelock_plus/ios"

SPEC CHECKSUMS:
  Flutter: e0871f40cf51350855a761d2e70bf5af5b9b5de7
  flutter_blue_plus_darwin: 20a08bfeaa0f7804d524858d3d8744bcc1b6dbc3
  package_info_plus: af8e2ca6888548050f16fa2f1938db7b5a5df499
  Protobuf: 164aea2ae380c3951abdc3e195220c01d17400e0
  reactive_ble_mobile: ea97709e18fa6f0b0592909725d7ae7e1c595b64
  SwiftProtobuf: 3697407f0d5b23bedeba9c2eaaf3ec6fdff69349
  url_launcher_ios: 694010445543906933d732453a59da0a173ae33d
  video_player_avfoundation: 2cef49524dd1f16c5300b9cd6efd9611ce03639b
  wakelock_plus: e29112ab3ef0b318e58cfa5c32326458be66b556

PODFILE CHECKSUM: 4305caec6b40dde0ae97be1573c53de1882a07e5

COCOAPODS: 1.16.2
